
Microsoft Visual Studio Solution File, Format Version 12.00
# Visual Studio Version 17
VisualStudioVersion = 17.8.34601.278
MinimumVisualStudioVersion = 10.0.40219.1
Project("{9A19103F-16F7-4668-BE54-9A1E7A4F7556}") = "MemberShipTenantMS_CleanArchitecture_Api", "MemberShipTenantMS_CleanArchitecture_Apo\MemberShipTenantMS_CleanArchitecture_Api.csproj", "{85F70000-9094-4F34-85E1-A5370C8F407B}"
EndProject
Project("{9A19103F-16F7-4668-BE54-9A1E7A4F7556}") = "MemberShipTenantMS_CleanArchitecture_Domain", "MemberShipTenantMS_CleanArchitecture_Domain\MemberShipTenantMS_CleanArchitecture_Domain.csproj", "{C0903226-3949-47FA-B4D4-BBFBF731105F}"
EndProject
Project("{9A19103F-16F7-4668-BE54-9A1E7A4F7556}") = "MemberShipTenantMS_CleanArchitecture_Application", "MemberShipTenantMS_CleanArchitecture_Application\MemberShipTenantMS_CleanArchitecture_Application.csproj", "{EBDE7E6B-56F9-4FF9-A601-60CC963BFD5F}"
EndProject
Project("{9A19103F-16F7-4668-BE54-9A1E7A4F7556}") = "MemberShipTenantMS_CleanArchitecture_Insfractructure", "MemberShipTenantMS_CleanArchitecture_Insfractructure\MemberShipTenantMS_CleanArchitecture_Insfractructure.csproj", "{735CFB39-10B2-4D32-8AAE-DAAF757CA380}"
EndProject
Global
	GlobalSection(SolutionConfigurationPlatforms) = preSolution
		Debug|Any CPU = Debug|Any CPU
		Release|Any CPU = Release|Any CPU
	EndGlobalSection
	GlobalSection(ProjectConfigurationPlatforms) = postSolution
		{85F70000-9094-4F34-85E1-A5370C8F407B}.Debug|Any CPU.ActiveCfg = Debug|Any CPU
		{85F70000-9094-4F34-85E1-A5370C8F407B}.Debug|Any CPU.Build.0 = Debug|Any CPU
		{85F70000-9094-4F34-85E1-A5370C8F407B}.Release|Any CPU.ActiveCfg = Release|Any CPU
		{85F70000-9094-4F34-85E1-A5370C8F407B}.Release|Any CPU.Build.0 = Release|Any CPU
		{C0903226-3949-47FA-B4D4-BBFBF731105F}.Debug|Any CPU.ActiveCfg = Debug|Any CPU
		{C0903226-3949-47FA-B4D4-BBFBF731105F}.Debug|Any CPU.Build.0 = Debug|Any CPU
		{C0903226-3949-47FA-B4D4-BBFBF731105F}.Release|Any CPU.ActiveCfg = Release|Any CPU
		{C0903226-3949-47FA-B4D4-BBFBF731105F}.Release|Any CPU.Build.0 = Release|Any CPU
		{EBDE7E6B-56F9-4FF9-A601-60CC963BFD5F}.Debug|Any CPU.ActiveCfg = Debug|Any CPU
		{EBDE7E6B-56F9-4FF9-A601-60CC963BFD5F}.Debug|Any CPU.Build.0 = Debug|Any CPU
		{EBDE7E6B-56F9-4FF9-A601-60CC963BFD5F}.Release|Any CPU.ActiveCfg = Release|Any CPU
		{EBDE7E6B-56F9-4FF9-A601-60CC963BFD5F}.Release|Any CPU.Build.0 = Release|Any CPU
		{735CFB39-10B2-4D32-8AAE-DAAF757CA380}.Debug|Any CPU.ActiveCfg = Debug|Any CPU
		{735CFB39-10B2-4D32-8AAE-DAAF757CA380}.Debug|Any CPU.Build.0 = Debug|Any CPU
		{735CFB39-10B2-4D32-8AAE-DAAF757CA380}.Release|Any CPU.ActiveCfg = Release|Any CPU
		{735CFB39-10B2-4D32-8AAE-DAAF757CA380}.Release|Any CPU.Build.0 = Release|Any CPU
	EndGlobalSection
	GlobalSection(SolutionProperties) = preSolution
		HideSolutionNode = FALSE
	EndGlobalSection
	GlobalSection(ExtensibilityGlobals) = postSolution
		SolutionGuid = {27A2B64F-F9BB-4119-BF81-1DAE3C018031}
	EndGlobalSection
EndGlobal
